
Microsoft Visual Studio Solution File, Format Version 12.00
# Visual Studio Version 17
VisualStudioVersion = 17.0.31903.59
MinimumVisualStudioVersion = 10.0.40219.1
Project("{888888A0-9F3D-457C-B088-3A5042F75D52}") = "Excel Assignment", "Excel Assignment.pyproj", "{5B170F55-4FF9-4E9E-8C52-5DA6B1ACEB51}"
EndProject
Global
	GlobalSection(SolutionConfigurationPlatforms) = preSolution
		Debug|Any CPU = Debug|Any CPU
		Release|Any CPU = Release|Any CPU
	EndGlobalSection
	GlobalSection(ProjectConfigurationPlatforms) = postSolution
		{5B170F55-4FF9-4E9E-8C52-5DA6B1ACEB51}.Debug|Any CPU.ActiveCfg = Debug|Any CPU
		{5B170F55-4FF9-4E9E-8C52-5DA6B1ACEB51}.Release|Any CPU.ActiveCfg = Release|Any CPU
	EndGlobalSection
	GlobalSection(SolutionProperties) = preSolution
		HideSolutionNode = FALSE
	EndGlobalSection
	GlobalSection(ExtensibilityGlobals) = postSolution
		SolutionGuid = {962E67D4-4676-4B14-B902-D790473F600C}
	EndGlobalSection
EndGlobal
